
Microsoft Visual Studio Solution File, Format Version 12.00
# Visual Studio Version 16
VisualStudioVersion = 16.0.30711.63
MinimumVisualStudioVersion = 10.0.40219.1
Project("{FAE04EC0-301F-11D3-BF4B-00C04F79EFBC}") = "AoC.1_ReportRepair", "AoC.1_ReportRepair\AoC.1_ReportRepair.csproj", "{06EB1C7E-DCD1-4B95-8FAE-538878522B07}"
EndProject
Project("{FAE04EC0-301F-11D3-BF4B-00C04F79EFBC}") = "AoC.Foundation", "AoC.Foundation\AoC.Foundation.csproj", "{75E5D461-08E8-4C83-93F8-3D98A11E9A9A}"
EndProject
Project("{FAE04EC0-301F-11D3-BF4B-00C04F79EFBC}") = "AoC.2_PasswordPhilosophy", "AoC.2_PasswordPhilosophy\AoC.2_PasswordPhilosophy.csproj", "{70B60A6B-5DAE-45AE-B79C-F773157A59A9}"
EndProject
Project("{FAE04EC0-301F-11D3-BF4B-00C04F79EFBC}") = "AoC.3_TobogganTrajectory", "AoC.3_TobogganTrajectory\AoC.3_TobogganTrajectory.csproj", "{66D8D31D-0CFF-4CC9-9A8B-E4E335D1DB25}"
EndProject
Project("{FAE04EC0-301F-11D3-BF4B-00C04F79EFBC}") = "AoC.4_PassportProcessing", "AoC.4_PassportProcessing\AoC.4_PassportProcessing.csproj", "{4875C179-6370-46EA-9757-BA3CD7C81795}"
EndProject
Global
	GlobalSection(SolutionConfigurationPlatforms) = preSolution
		Debug|Any CPU = Debug|Any CPU
		Release|Any CPU = Release|Any CPU
	EndGlobalSection
	GlobalSection(ProjectConfigurationPlatforms) = postSolution
		{06EB1C7E-DCD1-4B95-8FAE-538878522B07}.Debug|Any CPU.ActiveCfg = Debug|Any CPU
		{06EB1C7E-DCD1-4B95-8FAE-538878522B07}.Debug|Any CPU.Build.0 = Debug|Any CPU
		{06EB1C7E-DCD1-4B95-8FAE-538878522B07}.Release|Any CPU.ActiveCfg = Release|Any CPU
		{06EB1C7E-DCD1-4B95-8FAE-538878522B07}.Release|Any CPU.Build.0 = Release|Any CPU
		{75E5D461-08E8-4C83-93F8-3D98A11E9A9A}.Debug|Any CPU.ActiveCfg = Debug|Any CPU
		{75E5D461-08E8-4C83-93F8-3D98A11E9A9A}.Debug|Any CPU.Build.0 = Debug|Any CPU
		{75E5D461-08E8-4C83-93F8-3D98A11E9A9A}.Release|Any CPU.ActiveCfg = Release|Any CPU
		{75E5D461-08E8-4C83-93F8-3D98A11E9A9A}.Release|Any CPU.Build.0 = Release|Any CPU
		{70B60A6B-5DAE-45AE-B79C-F773157A59A9}.Debug|Any CPU.ActiveCfg = Debug|Any CPU
		{70B60A6B-5DAE-45AE-B79C-F773157A59A9}.Debug|Any CPU.Build.0 = Debug|Any CPU
		{70B60A6B-5DAE-45AE-B79C-F773157A59A9}.Release|Any CPU.ActiveCfg = Release|Any CPU
		{70B60A6B-5DAE-45AE-B79C-F773157A59A9}.Release|Any CPU.Build.0 = Release|Any CPU
		{66D8D31D-0CFF-4CC9-9A8B-E4E335D1DB25}.Debug|Any CPU.ActiveCfg = Debug|Any CPU
		{66D8D31D-0CFF-4CC9-9A8B-E4E335D1DB25}.Debug|Any CPU.Build.0 = Debug|Any CPU
		{66D8D31D-0CFF-4CC9-9A8B-E4E335D1DB25}.Release|Any CPU.ActiveCfg = Release|Any CPU
		{66D8D31D-0CFF-4CC9-9A8B-E4E335D1DB25}.Release|Any CPU.Build.0 = Release|Any CPU
		{4875C179-6370-46EA-9757-BA3CD7C81795}.Debug|Any CPU.ActiveCfg = Debug|Any CPU
		{4875C179-6370-46EA-9757-BA3CD7C81795}.Debug|Any CPU.Build.0 = Debug|Any CPU
		{4875C179-6370-46EA-9757-BA3CD7C81795}.Release|Any CPU.ActiveCfg = Release|Any CPU
		{4875C179-6370-46EA-9757-BA3CD7C81795}.Release|Any CPU.Build.0 = Release|Any CPU
	EndGlobalSection
	GlobalSection(SolutionProperties) = preSolution
		HideSolutionNode = FALSE
	EndGlobalSection
	GlobalSection(ExtensibilityGlobals) = postSolution
		SolutionGuid = {34F250B8-6259-4F58-A9AF-D1ED37BA1B36}
	EndGlobalSection
EndGlobal
